
Microsoft Visual Studio Solution File, Format Version 12.00
# Visual Studio Version 16
VisualStudioVersion = 16.0.30128.74
MinimumVisualStudioVersion = 10.0.40219.1
Project("{FAE04EC0-301F-11D3-BF4B-00C04F79EFBC}") = "JobBoard", "JobBoard\JobBoard.csproj", "{B20DBFDA-BB62-4626-86D3-859D733DEE97}"
EndProject
Global
	GlobalSection(SolutionConfigurationPlatforms) = preSolution
		Debug|Any CPU = Debug|Any CPU
		Release|Any CPU = Release|Any CPU
	EndGlobalSection
	GlobalSection(ProjectConfigurationPlatforms) = postSolution
		{B20DBFDA-BB62-4626-86D3-859D733DEE97}.Debug|Any CPU.ActiveCfg = Debug|Any CPU
		{B20DBFDA-BB62-4626-86D3-859D733DEE97}.Debug|Any CPU.Build.0 = Debug|Any CPU
		{B20DBFDA-BB62-4626-86D3-859D733DEE97}.Release|Any CPU.ActiveCfg = Release|Any CPU
		{B20DBFDA-BB62-4626-86D3-859D733DEE97}.Release|Any CPU.Build.0 = Release|Any CPU
	EndGlobalSection
	GlobalSection(SolutionProperties) = preSolution
		HideSolutionNode = FALSE
	EndGlobalSection
	GlobalSection(ExtensibilityGlobals) = postSolution
		SolutionGuid = {4384E22B-25DE-4854-BA56-D80B121AC6C3}
	EndGlobalSection
EndGlobal
